
Microsoft Visual Studio Solution File, Format Version 12.00
# Visual Studio Version 16
VisualStudioVersion = 16.0.31321.278
MinimumVisualStudioVersion = 10.0.40219.1
Project("{FAE04EC0-301F-11D3-BF4B-00C04F79EFBC}") = "CSharpPractice2", "CSharpPractice2\CSharpPractice2.csproj", "{CEECC097-48CB-48E6-BE92-1DD67C7471DE}"
EndProject
Global
	GlobalSection(SolutionConfigurationPlatforms) = preSolution
		Debug|Any CPU = Debug|Any CPU
		Release|Any CPU = Release|Any CPU
	EndGlobalSection
	GlobalSection(ProjectConfigurationPlatforms) = postSolution
		{CEECC097-48CB-48E6-BE92-1DD67C7471DE}.Debug|Any CPU.ActiveCfg = Debug|Any CPU
		{CEECC097-48CB-48E6-BE92-1DD67C7471DE}.Debug|Any CPU.Build.0 = Debug|Any CPU
		{CEECC097-48CB-48E6-BE92-1DD67C7471DE}.Release|Any CPU.ActiveCfg = Release|Any CPU
		{CEECC097-48CB-48E6-BE92-1DD67C7471DE}.Release|Any CPU.Build.0 = Release|Any CPU
	EndGlobalSection
	GlobalSection(SolutionProperties) = preSolution
		HideSolutionNode = FALSE
	EndGlobalSection
	GlobalSection(ExtensibilityGlobals) = postSolution
		SolutionGuid = {ECDE0011-1BF8-4B44-B039-2A62E8B23DB2}
	EndGlobalSection
EndGlobal
